{
  "version": "5",
  "redirects": {
    "https://esm.sh/@supabase/supabase-js@2": "https://esm.sh/@supabase/supabase-js@2.77.0",
    "https://esm.sh/tr46@~0.0.3?target=denonext": "https://esm.sh/tr46@0.0.3?target=denonext",
    "https://esm.sh/webidl-conversions@^3.0.0?target=denonext": "https://esm.sh/webidl-conversions@3.0.1?target=denonext",
    "https://esm.sh/whatwg-url@^5.0.0?target=denonext": "https://esm.sh/whatwg-url@5.0.0?target=denonext"
  },
  "remote": {
    "https://esm.sh/@supabase/auth-js@2.77.0/denonext/auth-js.mjs": "921688540526a80e88484c5a8e8a67e12d5148f0fc6a8f3c8966da691d66ad82",
    "https://esm.sh/@supabase/functions-js@2.77.0/denonext/functions-js.mjs": "d403bc1c741eba7858c84f52103b41419d334555d4bea179d162c365c6c3af55",
    "https://esm.sh/@supabase/node-fetch@2.6.15/denonext/node-fetch.mjs": "0bae9052231f4f6dbccc7234d05ea96923dbf967be12f402764580b6bf9f713d",
    "https://esm.sh/@supabase/postgrest-js@2.77.0/denonext/postgrest-js.mjs": "fb00b547ee9514b3c1dc762a9e30948c2a5820da73cdf16c2ed234bde3f08a61",
    "https://esm.sh/@supabase/realtime-js@2.77.0/denonext/realtime-js.mjs": "a91af59a2b835f3ddf8b24d5f6461597bb7fb961ed22294126bac0c3a04897ee",
    "https://esm.sh/@supabase/storage-js@2.77.0/denonext/storage-js.mjs": "24f8dce9463230c7a6005252d707bc3e410f243319fcea9f8c18709e1dacb0f4",
    "https://esm.sh/@supabase/supabase-js@2.77.0": "210ef629d03c26e29b7c185ca8d52533f53944beb4ba925ec5e73acf71c4ff8d",
    "https://esm.sh/@supabase/supabase-js@2.77.0/denonext/supabase-js.mjs": "9abe1d448b1fdb44c2041cc96881e5b4a9ecae07ebbbc9273b68a6f979f78abc",
    "https://esm.sh/tr46@0.0.3/denonext/tr46.mjs": "5753ec0a99414f4055f0c1f97691100f13d88e48a8443b00aebb90a512785fa2",
    "https://esm.sh/tr46@0.0.3?target=denonext": "19cb9be0f0d418a0c3abb81f2df31f080e9540a04e43b0f699bce1149cba0cbb",
    "https://esm.sh/tslib@2.8.1/denonext/tslib.mjs": "ebce3cd5facb654623020337f867b426ba95f71596ba87acc9e6c6f4e55905ca",
    "https://esm.sh/webidl-conversions@3.0.1/denonext/webidl-conversions.mjs": "54b5c2d50a294853c4ccebf9d5ed8988c94f4e24e463d84ec859a866ea5fafec",
    "https://esm.sh/webidl-conversions@3.0.1?target=denonext": "4e20318d50528084616c79d7b3f6e7f0fe7b6d09013bd01b3974d7448d767e29",
    "https://esm.sh/whatwg-url@5.0.0/denonext/whatwg-url.mjs": "29b16d74ee72624c915745bbd25b617cfd2248c6af0f5120d131e232a9a9af79",
    "https://esm.sh/whatwg-url@5.0.0?target=denonext": "f001a2cadf81312d214ca330033f474e74d81a003e21e8c5d70a1f46dc97b02d"
  },
  "workspace": {
    "packageJson": {
      "dependencies": [
        "npm:@biomejs/biome@^2.3.8",
        "npm:vitepress@1"
      ]
    }
  }
}
